
Microsoft Visual Studio Solution File, Format Version 12.00
# Visual Studio Version 17
VisualStudioVersion = 17.0.31903.59
MinimumVisualStudioVersion = 10.0.40219.1
Project("{FAE04EC0-301F-11D3-BF4B-00C04F79EFBC}") = "SchematicEditor.Core", "SchematicEditor.Core\SchematicEditor.Core.csproj", "{CAE24197-EED7-4034-8512-5CF79F1F820C}"
EndProject
Project("{FAE04EC0-301F-11D3-BF4B-00C04F79EFBC}") = "SchematicEditor.Tests", "SchematicEditor.Tests\SchematicEditor.Tests.csproj", "{79335184-313E-43A2-B6F6-37B8CBF34AA1}"
EndProject
Project("{FAE04EC0-301F-11D3-BF4B-00C04F79EFBC}") = "SchematicEditor.App", "SchematicEditor.App\SchematicEditor.App.csproj", "{3D2A7E61-9B4C-4F0D-A1E8-6C5B2F8D9A47}"
EndProject
Global
	GlobalSection(SolutionConfigurationPlatforms) = preSolution
		Debug|Any CPU = Debug|Any CPU
		Release|Any CPU = Release|Any CPU
	EndGlobalSection
	GlobalSection(SolutionProperties) = preSolution
		HideSolutionNode = FALSE
	EndGlobalSection
	GlobalSection(ProjectConfigurationPlatforms) = postSolution
		{CAE24197-EED7-4034-8512-5CF79F1F820C}.Debug|Any CPU.ActiveCfg = Debug|Any CPU
		{CAE24197-EED7-4034-8512-5CF79F1F820C}.Debug|Any CPU.Build.0 = Debug|Any CPU
		{CAE24197-EED7-4034-8512-5CF79F1F820C}.Release|Any CPU.ActiveCfg = Release|Any CPU
		{CAE24197-EED7-4034-8512-5CF79F1F820C}.Release|Any CPU.Build.0 = Release|Any CPU
		{79335184-313E-43A2-B6F6-37B8CBF34AA1}.Debug|Any CPU.ActiveCfg = Debug|Any CPU
		{79335184-313E-43A2-B6F6-37B8CBF34AA1}.Debug|Any CPU.Build.0 = Debug|Any CPU
		{79335184-313E-43A2-B6F6-37B8CBF34AA1}.Release|Any CPU.ActiveCfg = Release|Any CPU
		{79335184-313E-43A2-B6F6-37B8CBF34AA1}.Release|Any CPU.Build.0 = Release|Any CPU
		{3D2A7E61-9B4C-4F0D-A1E8-6C5B2F8D9A47}.Debug|Any CPU.ActiveCfg = Debug|Any CPU
		{3D2A7E61-9B4C-4F0D-A1E8-6C5B2F8D9A47}.Debug|Any CPU.Build.0 = Debug|Any CPU
		{3D2A7E61-9B4C-4F0D-A1E8-6C5B2F8D9A47}.Release|Any CPU.ActiveCfg = Release|Any CPU
		{3D2A7E61-9B4C-4F0D-A1E8-6C5B2F8D9A47}.Release|Any CPU.Build.0 = Release|Any CPU
	EndGlobalSection
EndGlobal
